
Microsoft Visual Studio Solution File, Format Version 12.00
# Visual Studio Version 17
VisualStudioVersion = 17.3.32804.467
MinimumVisualStudioVersion = 10.0.40219.1
Project("{2150E333-8FDC-42A3-9474-1A3956D46DE8}") = "Core", "Core", "{2AD7B361-9E69-4209-9FB6-F38AEAB6E2D3}"
EndProject
Project("{2150E333-8FDC-42A3-9474-1A3956D46DE8}") = "Tests", "Tests", "{6EA47771-88A6-49B8-93A1-9CBBABB9357B}"
EndProject
Project("{9A19103F-16F7-4668-BE54-9A1E7A4F7556}") = "WebApi", "WebApi\WebApi.csproj", "{F22CB847-419F-4966-AAE2-863059B2A9A1}"
EndProject
Project("{9A19103F-16F7-4668-BE54-9A1E7A4F7556}") = "Business", "Business\Business.csproj", "{F92240FF-8E57-49FE-AA69-4A6DC381658E}"
EndProject
Project("{9A19103F-16F7-4668-BE54-9A1E7A4F7556}") = "Models", "Models\Models.csproj", "{A45609B1-91CB-4111-8286-5729CAB0D189}"
EndProject
Project("{FAE04EC0-301F-11D3-BF4B-00C04F79EFBC}") = "BillingConsumerService.Unit.Test", "BillingService.Unit.Test\BillingConsumerService.Unit.Test.csproj", "{21BEB579-FD8F-4030-8508-69A27CCA044A}"
EndProject
Global
	GlobalSection(SolutionConfigurationPlatforms) = preSolution
		Debug|Any CPU = Debug|Any CPU
		Release|Any CPU = Release|Any CPU
	EndGlobalSection
	GlobalSection(ProjectConfigurationPlatforms) = postSolution
		{F22CB847-419F-4966-AAE2-863059B2A9A1}.Debug|Any CPU.ActiveCfg = Debug|Any CPU
		{F22CB847-419F-4966-AAE2-863059B2A9A1}.Debug|Any CPU.Build.0 = Debug|Any CPU
		{F22CB847-419F-4966-AAE2-863059B2A9A1}.Release|Any CPU.ActiveCfg = Release|Any CPU
		{F22CB847-419F-4966-AAE2-863059B2A9A1}.Release|Any CPU.Build.0 = Release|Any CPU
		{F92240FF-8E57-49FE-AA69-4A6DC381658E}.Debug|Any CPU.ActiveCfg = Debug|Any CPU
		{F92240FF-8E57-49FE-AA69-4A6DC381658E}.Debug|Any CPU.Build.0 = Debug|Any CPU
		{F92240FF-8E57-49FE-AA69-4A6DC381658E}.Release|Any CPU.ActiveCfg = Release|Any CPU
		{F92240FF-8E57-49FE-AA69-4A6DC381658E}.Release|Any CPU.Build.0 = Release|Any CPU
		{A45609B1-91CB-4111-8286-5729CAB0D189}.Debug|Any CPU.ActiveCfg = Debug|Any CPU
		{A45609B1-91CB-4111-8286-5729CAB0D189}.Debug|Any CPU.Build.0 = Debug|Any CPU
		{A45609B1-91CB-4111-8286-5729CAB0D189}.Release|Any CPU.ActiveCfg = Release|Any CPU
		{A45609B1-91CB-4111-8286-5729CAB0D189}.Release|Any CPU.Build.0 = Release|Any CPU
		{21BEB579-FD8F-4030-8508-69A27CCA044A}.Debug|Any CPU.ActiveCfg = Debug|Any CPU
		{21BEB579-FD8F-4030-8508-69A27CCA044A}.Debug|Any CPU.Build.0 = Debug|Any CPU
		{21BEB579-FD8F-4030-8508-69A27CCA044A}.Release|Any CPU.ActiveCfg = Release|Any CPU
		{21BEB579-FD8F-4030-8508-69A27CCA044A}.Release|Any CPU.Build.0 = Release|Any CPU
	EndGlobalSection
	GlobalSection(SolutionProperties) = preSolution
		HideSolutionNode = FALSE
	EndGlobalSection
	GlobalSection(NestedProjects) = preSolution
		{F92240FF-8E57-49FE-AA69-4A6DC381658E} = {2AD7B361-9E69-4209-9FB6-F38AEAB6E2D3}
		{A45609B1-91CB-4111-8286-5729CAB0D189} = {2AD7B361-9E69-4209-9FB6-F38AEAB6E2D3}
		{21BEB579-FD8F-4030-8508-69A27CCA044A} = {6EA47771-88A6-49B8-93A1-9CBBABB9357B}
	EndGlobalSection
	GlobalSection(ExtensibilityGlobals) = postSolution
		SolutionGuid = {81F97295-986F-4AAC-8A53-F92DEAC682BB}
	EndGlobalSection
EndGlobal
